
Microsoft Visual Studio Solution File, Format Version 12.00
# Visual Studio Version 16
VisualStudioVersion = 16.0.30114.105
MinimumVisualStudioVersion = 10.0.40219.1
Project("{FAE04EC0-301F-11D3-BF4B-00C04F79EFBC}") = "TestAutomation.Selenium.CSharp.Basics", "TestAutomation.Selenium.CSharp.Basics\TestAutomation.Selenium.CSharp.Basics.csproj", "{106761C6-0708-4BF8-B298-6B806ED3FA43}"
EndProject
Global
	GlobalSection(SolutionConfigurationPlatforms) = preSolution
		Debug|Any CPU = Debug|Any CPU
		Release|Any CPU = Release|Any CPU
	EndGlobalSection
	GlobalSection(ProjectConfigurationPlatforms) = postSolution
		{106761C6-0708-4BF8-B298-6B806ED3FA43}.Debug|Any CPU.ActiveCfg = Debug|Any CPU
		{106761C6-0708-4BF8-B298-6B806ED3FA43}.Debug|Any CPU.Build.0 = Debug|Any CPU
		{106761C6-0708-4BF8-B298-6B806ED3FA43}.Release|Any CPU.ActiveCfg = Release|Any CPU
		{106761C6-0708-4BF8-B298-6B806ED3FA43}.Release|Any CPU.Build.0 = Release|Any CPU
	EndGlobalSection
	GlobalSection(SolutionProperties) = preSolution
		HideSolutionNode = FALSE
	EndGlobalSection
	GlobalSection(ExtensibilityGlobals) = postSolution
		SolutionGuid = {49942032-7B51-4420-B366-A64F04DC8EA8}
	EndGlobalSection
EndGlobal
